
Microsoft Visual Studio Solution File, Format Version 12.00
# Visual Studio Version 16
VisualStudioVersion = 16.0.31729.503
MinimumVisualStudioVersion = 10.0.40219.1
Project("{FAE04EC0-301F-11D3-BF4B-00C04F79EFBC}") = "MyRetailSystem", "MyRetailSystem\MyRetailSystem.csproj", "{39BE98A1-43C8-460E-BBB5-701CB46FA369}"
EndProject
Global
	GlobalSection(SolutionConfigurationPlatforms) = preSolution
		Debug|Any CPU = Debug|Any CPU
		Release|Any CPU = Release|Any CPU
	EndGlobalSection
	GlobalSection(ProjectConfigurationPlatforms) = postSolution
		{39BE98A1-43C8-460E-BBB5-701CB46FA369}.Debug|Any CPU.ActiveCfg = Debug|Any CPU
		{39BE98A1-43C8-460E-BBB5-701CB46FA369}.Debug|Any CPU.Build.0 = Debug|Any CPU
		{39BE98A1-43C8-460E-BBB5-701CB46FA369}.Release|Any CPU.ActiveCfg = Release|Any CPU
		{39BE98A1-43C8-460E-BBB5-701CB46FA369}.Release|Any CPU.Build.0 = Release|Any CPU
	EndGlobalSection
	GlobalSection(SolutionProperties) = preSolution
		HideSolutionNode = FALSE
	EndGlobalSection
	GlobalSection(ExtensibilityGlobals) = postSolution
		SolutionGuid = {BA400E29-FEF2-49B9-8CEA-3DF964A4A31E}
	EndGlobalSection
EndGlobal
